
Microsoft Visual Studio Solution File, Format Version 12.00
# Visual Studio 15
VisualStudioVersion = 15.0.28010.2050
MinimumVisualStudioVersion = 10.0.40219.1
Project("{FAE04EC0-301F-11D3-BF4B-00C04F79EFBC}") = "ViewtoView.Android", "ViewtoView\ViewtoView.Android\ViewtoView.Android.csproj", "{E71542F1-A081-4338-8954-F1F098B987E0}"
EndProject
Project("{FAE04EC0-301F-11D3-BF4B-00C04F79EFBC}") = "ViewtoView.iOS", "ViewtoView\ViewtoView.iOS\ViewtoView.iOS.csproj", "{65BCDA15-D574-4E4C-915C-6A1611BC55CD}"
EndProject
Project("{FAE04EC0-301F-11D3-BF4B-00C04F79EFBC}") = "ViewtoView", "ViewtoView\ViewtoView\ViewtoView.csproj", "{3031CFAE-A4CE-401F-B934-8EF2B7072788}"
EndProject
Global
	GlobalSection(SolutionConfigurationPlatforms) = preSolution
		Ad-Hoc|Any CPU = Ad-Hoc|Any CPU
		Ad-Hoc|iPhone = Ad-Hoc|iPhone
		Ad-Hoc|iPhoneSimulator = Ad-Hoc|iPhoneSimulator
		AppStore|Any CPU = AppStore|Any CPU
		AppStore|iPhone = AppStore|iPhone
		AppStore|iPhoneSimulator = AppStore|iPhoneSimulator
		Debug|Any CPU = Debug|Any CPU
		Debug|iPhone = Debug|iPhone
		Debug|iPhoneSimulator = Debug|iPhoneSimulator
		Release|Any CPU = Release|Any CPU
		Release|iPhone = Release|iPhone
		Release|iPhoneSimulator = Release|iPhoneSimulator
	EndGlobalSection
	GlobalSection(ProjectConfigurationPlatforms) = postSolution
		{E71542F1-A081-4338-8954-F1F098B987E0}.Ad-Hoc|Any CPU.ActiveCfg = Release|Any CPU
		{E71542F1-A081-4338-8954-F1F098B987E0}.Ad-Hoc|Any CPU.Build.0 = Release|Any CPU
		{E71542F1-A081-4338-8954-F1F098B987E0}.Ad-Hoc|Any CPU.Deploy.0 = Release|Any CPU
		{E71542F1-A081-4338-8954-F1F098B987E0}.Ad-Hoc|iPhone.ActiveCfg = Release|Any CPU
		{E71542F1-A081-4338-8954-F1F098B987E0}.Ad-Hoc|iPhone.Build.0 = Release|Any CPU
		{E71542F1-A081-4338-8954-F1F098B987E0}.Ad-Hoc|iPhone.Deploy.0 = Release|Any CPU
		{E71542F1-A081-4338-8954-F1F098B987E0}.Ad-Hoc|iPhoneSimulator.ActiveCfg = Release|Any CPU
		{E71542F1-A081-4338-8954-F1F098B987E0}.Ad-Hoc|iPhoneSimulator.Build.0 = Release|Any CPU
		{E71542F1-A081-4338-8954-F1F098B987E0}.Ad-Hoc|iPhoneSimulator.Deploy.0 = Release|Any CPU
		{E71542F1-A081-4338-8954-F1F098B987E0}.AppStore|Any CPU.ActiveCfg = Release|Any CPU
		{E71542F1-A081-4338-8954-F1F098B987E0}.AppStore|Any CPU.Build.0 = Release|Any CPU
		{E71542F1-A081-4338-8954-F1F098B987E0}.AppStore|Any CPU.Deploy.0 = Release|Any CPU
		{E71542F1-A081-4338-8954-F1F098B987E0}.AppStore|iPhone.ActiveCfg = Release|Any CPU
		{E71542F1-A081-4338-8954-F1F098B987E0}.AppStore|iPhone.Build.0 = Release|Any CPU
		{E71542F1-A081-4338-8954-F1F098B987E0}.AppStore|iPhone.Deploy.0 = Release|Any CPU
		{E71542F1-A081-4338-8954-F1F098B987E0}.AppStore|iPhoneSimulator.ActiveCfg = Release|Any CPU
		{E71542F1-A081-4338-8954-F1F098B987E0}.AppStore|iPhoneSimulator.Build.0 = Release|Any CPU
		{E71542F1-A081-4338-8954-F1F098B987E0}.AppStore|iPhoneSimulator.Deploy.0 = Release|Any CPU
		{E71542F1-A081-4338-8954-F1F098B987E0}.Debug|Any CPU.ActiveCfg = Debug|Any CPU
		{E71542F1-A081-4338-8954-F1F098B987E0}.Debug|Any CPU.Build.0 = Debug|Any CPU
		{E71542F1-A081-4338-8954-F1F098B987E0}.Debug|Any CPU.Deploy.0 = Debug|Any CPU
		{E71542F1-A081-4338-8954-F1F098B987E0}.Debug|iPhone.ActiveCfg = Debug|Any CPU
		{E71542F1-A081-4338-8954-F1F098B987E0}.Debug|iPhone.Build.0 = Debug|Any CPU
		{E71542F1-A081-4338-8954-F1F098B987E0}.Debug|iPhone.Deploy.0 = Debug|Any CPU
		{E71542F1-A081-4338-8954-F1F098B987E0}.Debug|iPhoneSimulator.ActiveCfg = Debug|Any CPU
		{E71542F1-A081-4338-8954-F1F098B987E0}.Debug|iPhoneSimulator.Build.0 = Debug|Any CPU
		{E71542F1-A081-4338-8954-F1F098B987E0}.Debug|iPhoneSimulator.Deploy.0 = Debug|Any CPU
		{E71542F1-A081-4338-8954-F1F098B987E0}.Release|Any CPU.ActiveCfg = Release|Any CPU
		{E71542F1-A081-4338-8954-F1F098B987E0}.Release|Any CPU.Build.0 = Release|Any CPU
		{E71542F1-A081-4338-8954-F1F098B987E0}.Release|Any CPU.Deploy.0 = Release|Any CPU
		{E71542F1-A081-4338-8954-F1F098B987E0}.Release|iPhone.ActiveCfg = Release|Any CPU
		{E71542F1-A081-4338-8954-F1F098B987E0}.Release|iPhone.Build.0 = Release|Any CPU
		{E71542F1-A081-4338-8954-F1F098B987E0}.Release|iPhone.Deploy.0 = Release|Any CPU
		{E71542F1-A081-4338-8954-F1F098B987E0}.Release|iPhoneSimulator.ActiveCfg = Release|Any CPU
		{E71542F1-A081-4338-8954-F1F098B987E0}.Release|iPhoneSimulator.Build.0 = Release|Any CPU
		{E71542F1-A081-4338-8954-F1F098B987E0}.Release|iPhoneSimulator.Deploy.0 = Release|Any CPU
		{65BCDA15-D574-4E4C-915C-6A1611BC55CD}.Ad-Hoc|Any CPU.ActiveCfg = Ad-Hoc|iPhone
		{65BCDA15-D574-4E4C-915C-6A1611BC55CD}.Ad-Hoc|Any CPU.Build.0 = Ad-Hoc|iPhone
		{65BCDA15-D574-4E4C-915C-6A1611BC55CD}.Ad-Hoc|Any CPU.Deploy.0 = Ad-Hoc|iPhone
		{65BCDA15-D574-4E4C-915C-6A1611BC55CD}.Ad-Hoc|iPhone.ActiveCfg = Ad-Hoc|iPhone
		{65BCDA15-D574-4E4C-915C-6A1611BC55CD}.Ad-Hoc|iPhone.Build.0 = Ad-Hoc|iPhone
		{65BCDA15-D574-4E4C-915C-6A1611BC55CD}.Ad-Hoc|iPhone.Deploy.0 = Ad-Hoc|iPhone
		{65BCDA15-D574-4E4C-915C-6A1611BC55CD}.Ad-Hoc|iPhoneSimulator.ActiveCfg = Ad-Hoc|iPhoneSimulator
		{65BCDA15-D574-4E4C-915C-6A1611BC55CD}.Ad-Hoc|iPhoneSimulator.Build.0 = Ad-Hoc|iPhoneSimulator
		{65BCDA15-D574-4E4C-915C-6A1611BC55CD}.Ad-Hoc|iPhoneSimulator.Deploy.0 = Ad-Hoc|iPhoneSimulator
		{65BCDA15-D574-4E4C-915C-6A1611BC55CD}.AppStore|Any CPU.ActiveCfg = AppStore|iPhone
		{65BCDA15-D574-4E4C-915C-6A1611BC55CD}.AppStore|Any CPU.Build.0 = AppStore|iPhone
		{65BCDA15-D574-4E4C-915C-6A1611BC55CD}.AppStore|Any CPU.Deploy.0 = AppStore|iPhone
		{65BCDA15-D574-4E4C-915C-6A1611BC55CD}.AppStore|iPhone.ActiveCfg = AppStore|iPhone
		{65BCDA15-D574-4E4C-915C-6A1611BC55CD}.AppStore|iPhone.Build.0 = AppStore|iPhone
		{65BCDA15-D574-4E4C-915C-6A1611BC55CD}.AppStore|iPhone.Deploy.0 = AppStore|iPhone
		{65BCDA15-D574-4E4C-915C-6A1611BC55CD}.AppStore|iPhoneSimulator.ActiveCfg = AppStore|iPhoneSimulator
		{65BCDA15-D574-4E4C-915C-6A1611BC55CD}.AppStore|iPhoneSimulator.Build.0 = AppStore|iPhoneSimulator
		{65BCDA15-D574-4E4C-915C-6A1611BC55CD}.AppStore|iPhoneSimulator.Deploy.0 = AppStore|iPhoneSimulator
		{65BCDA15-D574-4E4C-915C-6A1611BC55CD}.Debug|Any CPU.ActiveCfg = Debug|iPhoneSimulator
		{65BCDA15-D574-4E4C-915C-6A1611BC55CD}.Debug|Any CPU.Build.0 = Debug|iPhoneSimulator
		{65BCDA15-D574-4E4C-915C-6A1611BC55CD}.Debug|Any CPU.Deploy.0 = Debug|iPhoneSimulator
		{65BCDA15-D574-4E4C-915C-6A1611BC55CD}.Debug|iPhone.ActiveCfg = Debug|iPhone
		{65BCDA15-D574-4E4C-915C-6A1611BC55CD}.Debug|iPhone.Build.0 = Debug|iPhone
		{65BCDA15-D574-4E4C-915C-6A1611BC55CD}.Debug|iPhone.Deploy.0 = Debug|iPhone
		{65BCDA15-D574-4E4C-915C-6A1611BC55CD}.Debug|iPhoneSimulator.ActiveCfg = Debug|iPhoneSimulator
		{65BCDA15-D574-4E4C-915C-6A1611BC55CD}.Debug|iPhoneSimulator.Build.0 = Debug|iPhoneSimulator
		{65BCDA15-D574-4E4C-915C-6A1611BC55CD}.Debug|iPhoneSimulator.Deploy.0 = Debug|iPhoneSimulator
		{65BCDA15-D574-4E4C-915C-6A1611BC55CD}.Release|Any CPU.ActiveCfg = Release|iPhone
		{65BCDA15-D574-4E4C-915C-6A1611BC55CD}.Release|Any CPU.Build.0 = Release|iPhone
		{65BCDA15-D574-4E4C-915C-6A1611BC55CD}.Release|Any CPU.Deploy.0 = Release|iPhone
		{65BCDA15-D574-4E4C-915C-6A1611BC55CD}.Release|iPhone.ActiveCfg = Release|iPhone
		{65BCDA15-D574-4E4C-915C-6A1611BC55CD}.Release|iPhone.Build.0 = Release|iPhone
		{65BCDA15-D574-4E4C-915C-6A1611BC55CD}.Release|iPhone.Deploy.0 = Release|iPhone
		{65BCDA15-D574-4E4C-915C-6A1611BC55CD}.Release|iPhoneSimulator.ActiveCfg = Release|iPhoneSimulator
		{65BCDA15-D574-4E4C-915C-6A1611BC55CD}.Release|iPhoneSimulator.Build.0 = Release|iPhoneSimulator
		{65BCDA15-D574-4E4C-915C-6A1611BC55CD}.Release|iPhoneSimulator.Deploy.0 = Release|iPhoneSimulator
		{3031CFAE-A4CE-401F-B934-8EF2B7072788}.Ad-Hoc|Any CPU.ActiveCfg = Debug|Any CPU
		{3031CFAE-A4CE-401F-B934-8EF2B7072788}.Ad-Hoc|Any CPU.Build.0 = Debug|Any CPU
		{3031CFAE-A4CE-401F-B934-8EF2B7072788}.Ad-Hoc|Any CPU.Deploy.0 = Debug|Any CPU
		{3031CFAE-A4CE-401F-B934-8EF2B7072788}.Ad-Hoc|iPhone.ActiveCfg = Debug|Any CPU
		{3031CFAE-A4CE-401F-B934-8EF2B7072788}.Ad-Hoc|iPhone.Build.0 = Debug|Any CPU
		{3031CFAE-A4CE-401F-B934-8EF2B7072788}.Ad-Hoc|iPhone.Deploy.0 = Debug|Any CPU
		{3031CFAE-A4CE-401F-B934-8EF2B7072788}.Ad-Hoc|iPhoneSimulator.ActiveCfg = Debug|Any CPU
		{3031CFAE-A4CE-401F-B934-8EF2B7072788}.Ad-Hoc|iPhoneSimulator.Build.0 = Debug|Any CPU
		{3031CFAE-A4CE-401F-B934-8EF2B7072788}.Ad-Hoc|iPhoneSimulator.Deploy.0 = Debug|Any CPU
		{3031CFAE-A4CE-401F-B934-8EF2B7072788}.AppStore|Any CPU.ActiveCfg = Debug|Any CPU
		{3031CFAE-A4CE-401F-B934-8EF2B7072788}.AppStore|Any CPU.Build.0 = Debug|Any CPU
		{3031CFAE-A4CE-401F-B934-8EF2B7072788}.AppStore|Any CPU.Deploy.0 = Debug|Any CPU
		{3031CFAE-A4CE-401F-B934-8EF2B7072788}.AppStore|iPhone.ActiveCfg = Debug|Any CPU
		{3031CFAE-A4CE-401F-B934-8EF2B7072788}.AppStore|iPhone.Build.0 = Debug|Any CPU
		{3031CFAE-A4CE-401F-B934-8EF2B7072788}.AppStore|iPhone.Deploy.0 = Debug|Any CPU
		{3031CFAE-A4CE-401F-B934-8EF2B7072788}.AppStore|iPhoneSimulator.ActiveCfg = Debug|Any CPU
		{3031CFAE-A4CE-401F-B934-8EF2B7072788}.AppStore|iPhoneSimulator.Build.0 = Debug|Any CPU
		{3031CFAE-A4CE-401F-B934-8EF2B7072788}.AppStore|iPhoneSimulator.Deploy.0 = Debug|Any CPU
		{3031CFAE-A4CE-401F-B934-8EF2B7072788}.Debug|Any CPU.ActiveCfg = Debug|Any CPU
		{3031CFAE-A4CE-401F-B934-8EF2B7072788}.Debug|Any CPU.Build.0 = Debug|Any CPU
		{3031CFAE-A4CE-401F-B934-8EF2B7072788}.Debug|Any CPU.Deploy.0 = Debug|Any CPU
		{3031CFAE-A4CE-401F-B934-8EF2B7072788}.Debug|iPhone.ActiveCfg = Debug|Any CPU
		{3031CFAE-A4CE-401F-B934-8EF2B7072788}.Debug|iPhone.Build.0 = Debug|Any CPU
		{3031CFAE-A4CE-401F-B934-8EF2B7072788}.Debug|iPhone.Deploy.0 = Debug|Any CPU
		{3031CFAE-A4CE-401F-B934-8EF2B7072788}.Debug|iPhoneSimulator.ActiveCfg = Debug|Any CPU
		{3031CFAE-A4CE-401F-B934-8EF2B7072788}.Debug|iPhoneSimulator.Build.0 = Debug|Any CPU
		{3031CFAE-A4CE-401F-B934-8EF2B7072788}.Debug|iPhoneSimulator.Deploy.0 = Debug|Any CPU
		{3031CFAE-A4CE-401F-B934-8EF2B7072788}.Release|Any CPU.ActiveCfg = Release|Any CPU
		{3031CFAE-A4CE-401F-B934-8EF2B7072788}.Release|Any CPU.Build.0 = Release|Any CPU
		{3031CFAE-A4CE-401F-B934-8EF2B7072788}.Release|Any CPU.Deploy.0 = Release|Any CPU
		{3031CFAE-A4CE-401F-B934-8EF2B7072788}.Release|iPhone.ActiveCfg = Release|Any CPU
		{3031CFAE-A4CE-401F-B934-8EF2B7072788}.Release|iPhone.Build.0 = Release|Any CPU
		{3031CFAE-A4CE-401F-B934-8EF2B7072788}.Release|iPhone.Deploy.0 = Release|Any CPU
		{3031CFAE-A4CE-401F-B934-8EF2B7072788}.Release|iPhoneSimulator.ActiveCfg = Release|Any CPU
		{3031CFAE-A4CE-401F-B934-8EF2B7072788}.Release|iPhoneSimulator.Build.0 = Release|Any CPU
		{3031CFAE-A4CE-401F-B934-8EF2B7072788}.Release|iPhoneSimulator.Deploy.0 = Release|Any CPU
	EndGlobalSection
	GlobalSection(SolutionProperties) = preSolution
		HideSolutionNode = FALSE
	EndGlobalSection
	GlobalSection(ExtensibilityGlobals) = postSolution
		SolutionGuid = {F57ADB59-33D8-4104-9EF6-F31231CA6321}
	EndGlobalSection
EndGlobal
