
Microsoft Visual Studio Solution File, Format Version 12.00
# Visual Studio 15
VisualStudioVersion = 15.0.28010.2050
MinimumVisualStudioVersion = 10.0.40219.1
Project("{FAE04EC0-301F-11D3-BF4B-00C04F79EFBC}") = "ViewModelTest.Android", "ViewModelTest\ViewModelTest.Android\ViewModelTest.Android.csproj", "{BA34B53B-5569-46BE-9285-29EDEF3805E2}"
EndProject
Project("{FAE04EC0-301F-11D3-BF4B-00C04F79EFBC}") = "ViewModelTest.iOS", "ViewModelTest\ViewModelTest.iOS\ViewModelTest.iOS.csproj", "{A97D2324-F05D-4C20-A679-A54440FCCC66}"
EndProject
Project("{FAE04EC0-301F-11D3-BF4B-00C04F79EFBC}") = "ViewModelTest", "ViewModelTest\ViewModelTest\ViewModelTest.csproj", "{F05DD16F-2FCC-40A7-ADC0-70694DB47BBF}"
EndProject
Global
	GlobalSection(SolutionConfigurationPlatforms) = preSolution
		Ad-Hoc|Any CPU = Ad-Hoc|Any CPU
		Ad-Hoc|iPhone = Ad-Hoc|iPhone
		Ad-Hoc|iPhoneSimulator = Ad-Hoc|iPhoneSimulator
		AppStore|Any CPU = AppStore|Any CPU
		AppStore|iPhone = AppStore|iPhone
		AppStore|iPhoneSimulator = AppStore|iPhoneSimulator
		Debug|Any CPU = Debug|Any CPU
		Debug|iPhone = Debug|iPhone
		Debug|iPhoneSimulator = Debug|iPhoneSimulator
		Release|Any CPU = Release|Any CPU
		Release|iPhone = Release|iPhone
		Release|iPhoneSimulator = Release|iPhoneSimulator
	EndGlobalSection
	GlobalSection(ProjectConfigurationPlatforms) = postSolution
		{BA34B53B-5569-46BE-9285-29EDEF3805E2}.Ad-Hoc|Any CPU.ActiveCfg = Release|Any CPU
		{BA34B53B-5569-46BE-9285-29EDEF3805E2}.Ad-Hoc|Any CPU.Build.0 = Release|Any CPU
		{BA34B53B-5569-46BE-9285-29EDEF3805E2}.Ad-Hoc|Any CPU.Deploy.0 = Release|Any CPU
		{BA34B53B-5569-46BE-9285-29EDEF3805E2}.Ad-Hoc|iPhone.ActiveCfg = Release|Any CPU
		{BA34B53B-5569-46BE-9285-29EDEF3805E2}.Ad-Hoc|iPhone.Build.0 = Release|Any CPU
		{BA34B53B-5569-46BE-9285-29EDEF3805E2}.Ad-Hoc|iPhone.Deploy.0 = Release|Any CPU
		{BA34B53B-5569-46BE-9285-29EDEF3805E2}.Ad-Hoc|iPhoneSimulator.ActiveCfg = Release|Any CPU
		{BA34B53B-5569-46BE-9285-29EDEF3805E2}.Ad-Hoc|iPhoneSimulator.Build.0 = Release|Any CPU
		{BA34B53B-5569-46BE-9285-29EDEF3805E2}.Ad-Hoc|iPhoneSimulator.Deploy.0 = Release|Any CPU
		{BA34B53B-5569-46BE-9285-29EDEF3805E2}.AppStore|Any CPU.ActiveCfg = Release|Any CPU
		{BA34B53B-5569-46BE-9285-29EDEF3805E2}.AppStore|Any CPU.Build.0 = Release|Any CPU
		{BA34B53B-5569-46BE-9285-29EDEF3805E2}.AppStore|Any CPU.Deploy.0 = Release|Any CPU
		{BA34B53B-5569-46BE-9285-29EDEF3805E2}.AppStore|iPhone.ActiveCfg = Release|Any CPU
		{BA34B53B-5569-46BE-9285-29EDEF3805E2}.AppStore|iPhone.Build.0 = Release|Any CPU
		{BA34B53B-5569-46BE-9285-29EDEF3805E2}.AppStore|iPhone.Deploy.0 = Release|Any CPU
		{BA34B53B-5569-46BE-9285-29EDEF3805E2}.AppStore|iPhoneSimulator.ActiveCfg = Release|Any CPU
		{BA34B53B-5569-46BE-9285-29EDEF3805E2}.AppStore|iPhoneSimulator.Build.0 = Release|Any CPU
		{BA34B53B-5569-46BE-9285-29EDEF3805E2}.AppStore|iPhoneSimulator.Deploy.0 = Release|Any CPU
		{BA34B53B-5569-46BE-9285-29EDEF3805E2}.Debug|Any CPU.ActiveCfg = Debug|Any CPU
		{BA34B53B-5569-46BE-9285-29EDEF3805E2}.Debug|Any CPU.Build.0 = Debug|Any CPU
		{BA34B53B-5569-46BE-9285-29EDEF3805E2}.Debug|Any CPU.Deploy.0 = Debug|Any CPU
		{BA34B53B-5569-46BE-9285-29EDEF3805E2}.Debug|iPhone.ActiveCfg = Debug|Any CPU
		{BA34B53B-5569-46BE-9285-29EDEF3805E2}.Debug|iPhone.Build.0 = Debug|Any CPU
		{BA34B53B-5569-46BE-9285-29EDEF3805E2}.Debug|iPhone.Deploy.0 = Debug|Any CPU
		{BA34B53B-5569-46BE-9285-29EDEF3805E2}.Debug|iPhoneSimulator.ActiveCfg = Debug|Any CPU
		{BA34B53B-5569-46BE-9285-29EDEF3805E2}.Debug|iPhoneSimulator.Build.0 = Debug|Any CPU
		{BA34B53B-5569-46BE-9285-29EDEF3805E2}.Debug|iPhoneSimulator.Deploy.0 = Debug|Any CPU
		{BA34B53B-5569-46BE-9285-29EDEF3805E2}.Release|Any CPU.ActiveCfg = Release|Any CPU
		{BA34B53B-5569-46BE-9285-29EDEF3805E2}.Release|Any CPU.Build.0 = Release|Any CPU
		{BA34B53B-5569-46BE-9285-29EDEF3805E2}.Release|Any CPU.Deploy.0 = Release|Any CPU
		{BA34B53B-5569-46BE-9285-29EDEF3805E2}.Release|iPhone.ActiveCfg = Release|Any CPU
		{BA34B53B-5569-46BE-9285-29EDEF3805E2}.Release|iPhone.Build.0 = Release|Any CPU
		{BA34B53B-5569-46BE-9285-29EDEF3805E2}.Release|iPhone.Deploy.0 = Release|Any CPU
		{BA34B53B-5569-46BE-9285-29EDEF3805E2}.Release|iPhoneSimulator.ActiveCfg = Release|Any CPU
		{BA34B53B-5569-46BE-9285-29EDEF3805E2}.Release|iPhoneSimulator.Build.0 = Release|Any CPU
		{BA34B53B-5569-46BE-9285-29EDEF3805E2}.Release|iPhoneSimulator.Deploy.0 = Release|Any CPU
		{A97D2324-F05D-4C20-A679-A54440FCCC66}.Ad-Hoc|Any CPU.ActiveCfg = Ad-Hoc|iPhone
		{A97D2324-F05D-4C20-A679-A54440FCCC66}.Ad-Hoc|Any CPU.Build.0 = Ad-Hoc|iPhone
		{A97D2324-F05D-4C20-A679-A54440FCCC66}.Ad-Hoc|Any CPU.Deploy.0 = Ad-Hoc|iPhone
		{A97D2324-F05D-4C20-A679-A54440FCCC66}.Ad-Hoc|iPhone.ActiveCfg = Ad-Hoc|iPhone
		{A97D2324-F05D-4C20-A679-A54440FCCC66}.Ad-Hoc|iPhone.Build.0 = Ad-Hoc|iPhone
		{A97D2324-F05D-4C20-A679-A54440FCCC66}.Ad-Hoc|iPhone.Deploy.0 = Ad-Hoc|iPhone
		{A97D2324-F05D-4C20-A679-A54440FCCC66}.Ad-Hoc|iPhoneSimulator.ActiveCfg = Ad-Hoc|iPhoneSimulator
		{A97D2324-F05D-4C20-A679-A54440FCCC66}.Ad-Hoc|iPhoneSimulator.Build.0 = Ad-Hoc|iPhoneSimulator
		{A97D2324-F05D-4C20-A679-A54440FCCC66}.Ad-Hoc|iPhoneSimulator.Deploy.0 = Ad-Hoc|iPhoneSimulator
		{A97D2324-F05D-4C20-A679-A54440FCCC66}.AppStore|Any CPU.ActiveCfg = AppStore|iPhone
		{A97D2324-F05D-4C20-A679-A54440FCCC66}.AppStore|Any CPU.Build.0 = AppStore|iPhone
		{A97D2324-F05D-4C20-A679-A54440FCCC66}.AppStore|Any CPU.Deploy.0 = AppStore|iPhone
		{A97D2324-F05D-4C20-A679-A54440FCCC66}.AppStore|iPhone.ActiveCfg = AppStore|iPhone
		{A97D2324-F05D-4C20-A679-A54440FCCC66}.AppStore|iPhone.Build.0 = AppStore|iPhone
		{A97D2324-F05D-4C20-A679-A54440FCCC66}.AppStore|iPhone.Deploy.0 = AppStore|iPhone
		{A97D2324-F05D-4C20-A679-A54440FCCC66}.AppStore|iPhoneSimulator.ActiveCfg = AppStore|iPhoneSimulator
		{A97D2324-F05D-4C20-A679-A54440FCCC66}.AppStore|iPhoneSimulator.Build.0 = AppStore|iPhoneSimulator
		{A97D2324-F05D-4C20-A679-A54440FCCC66}.AppStore|iPhoneSimulator.Deploy.0 = AppStore|iPhoneSimulator
		{A97D2324-F05D-4C20-A679-A54440FCCC66}.Debug|Any CPU.ActiveCfg = Debug|iPhoneSimulator
		{A97D2324-F05D-4C20-A679-A54440FCCC66}.Debug|Any CPU.Build.0 = Debug|iPhoneSimulator
		{A97D2324-F05D-4C20-A679-A54440FCCC66}.Debug|Any CPU.Deploy.0 = Debug|iPhoneSimulator
		{A97D2324-F05D-4C20-A679-A54440FCCC66}.Debug|iPhone.ActiveCfg = Debug|iPhone
		{A97D2324-F05D-4C20-A679-A54440FCCC66}.Debug|iPhone.Build.0 = Debug|iPhone
		{A97D2324-F05D-4C20-A679-A54440FCCC66}.Debug|iPhone.Deploy.0 = Debug|iPhone
		{A97D2324-F05D-4C20-A679-A54440FCCC66}.Debug|iPhoneSimulator.ActiveCfg = Debug|iPhoneSimulator
		{A97D2324-F05D-4C20-A679-A54440FCCC66}.Debug|iPhoneSimulator.Build.0 = Debug|iPhoneSimulator
		{A97D2324-F05D-4C20-A679-A54440FCCC66}.Debug|iPhoneSimulator.Deploy.0 = Debug|iPhoneSimulator
		{A97D2324-F05D-4C20-A679-A54440FCCC66}.Release|Any CPU.ActiveCfg = Release|iPhone
		{A97D2324-F05D-4C20-A679-A54440FCCC66}.Release|Any CPU.Build.0 = Release|iPhone
		{A97D2324-F05D-4C20-A679-A54440FCCC66}.Release|Any CPU.Deploy.0 = Release|iPhone
		{A97D2324-F05D-4C20-A679-A54440FCCC66}.Release|iPhone.ActiveCfg = Release|iPhone
		{A97D2324-F05D-4C20-A679-A54440FCCC66}.Release|iPhone.Build.0 = Release|iPhone
		{A97D2324-F05D-4C20-A679-A54440FCCC66}.Release|iPhone.Deploy.0 = Release|iPhone
		{A97D2324-F05D-4C20-A679-A54440FCCC66}.Release|iPhoneSimulator.ActiveCfg = Release|iPhoneSimulator
		{A97D2324-F05D-4C20-A679-A54440FCCC66}.Release|iPhoneSimulator.Build.0 = Release|iPhoneSimulator
		{A97D2324-F05D-4C20-A679-A54440FCCC66}.Release|iPhoneSimulator.Deploy.0 = Release|iPhoneSimulator
		{F05DD16F-2FCC-40A7-ADC0-70694DB47BBF}.Ad-Hoc|Any CPU.ActiveCfg = Debug|Any CPU
		{F05DD16F-2FCC-40A7-ADC0-70694DB47BBF}.Ad-Hoc|Any CPU.Build.0 = Debug|Any CPU
		{F05DD16F-2FCC-40A7-ADC0-70694DB47BBF}.Ad-Hoc|Any CPU.Deploy.0 = Debug|Any CPU
		{F05DD16F-2FCC-40A7-ADC0-70694DB47BBF}.Ad-Hoc|iPhone.ActiveCfg = Debug|Any CPU
		{F05DD16F-2FCC-40A7-ADC0-70694DB47BBF}.Ad-Hoc|iPhone.Build.0 = Debug|Any CPU
		{F05DD16F-2FCC-40A7-ADC0-70694DB47BBF}.Ad-Hoc|iPhone.Deploy.0 = Debug|Any CPU
		{F05DD16F-2FCC-40A7-ADC0-70694DB47BBF}.Ad-Hoc|iPhoneSimulator.ActiveCfg = Debug|Any CPU
		{F05DD16F-2FCC-40A7-ADC0-70694DB47BBF}.Ad-Hoc|iPhoneSimulator.Build.0 = Debug|Any CPU
		{F05DD16F-2FCC-40A7-ADC0-70694DB47BBF}.Ad-Hoc|iPhoneSimulator.Deploy.0 = Debug|Any CPU
		{F05DD16F-2FCC-40A7-ADC0-70694DB47BBF}.AppStore|Any CPU.ActiveCfg = Debug|Any CPU
		{F05DD16F-2FCC-40A7-ADC0-70694DB47BBF}.AppStore|Any CPU.Build.0 = Debug|Any CPU
		{F05DD16F-2FCC-40A7-ADC0-70694DB47BBF}.AppStore|Any CPU.Deploy.0 = Debug|Any CPU
		{F05DD16F-2FCC-40A7-ADC0-70694DB47BBF}.AppStore|iPhone.ActiveCfg = Debug|Any CPU
		{F05DD16F-2FCC-40A7-ADC0-70694DB47BBF}.AppStore|iPhone.Build.0 = Debug|Any CPU
		{F05DD16F-2FCC-40A7-ADC0-70694DB47BBF}.AppStore|iPhone.Deploy.0 = Debug|Any CPU
		{F05DD16F-2FCC-40A7-ADC0-70694DB47BBF}.AppStore|iPhoneSimulator.ActiveCfg = Debug|Any CPU
		{F05DD16F-2FCC-40A7-ADC0-70694DB47BBF}.AppStore|iPhoneSimulator.Build.0 = Debug|Any CPU
		{F05DD16F-2FCC-40A7-ADC0-70694DB47BBF}.AppStore|iPhoneSimulator.Deploy.0 = Debug|Any CPU
		{F05DD16F-2FCC-40A7-ADC0-70694DB47BBF}.Debug|Any CPU.ActiveCfg = Debug|Any CPU
		{F05DD16F-2FCC-40A7-ADC0-70694DB47BBF}.Debug|Any CPU.Build.0 = Debug|Any CPU
		{F05DD16F-2FCC-40A7-ADC0-70694DB47BBF}.Debug|Any CPU.Deploy.0 = Debug|Any CPU
		{F05DD16F-2FCC-40A7-ADC0-70694DB47BBF}.Debug|iPhone.ActiveCfg = Debug|Any CPU
		{F05DD16F-2FCC-40A7-ADC0-70694DB47BBF}.Debug|iPhone.Build.0 = Debug|Any CPU
		{F05DD16F-2FCC-40A7-ADC0-70694DB47BBF}.Debug|iPhone.Deploy.0 = Debug|Any CPU
		{F05DD16F-2FCC-40A7-ADC0-70694DB47BBF}.Debug|iPhoneSimulator.ActiveCfg = Debug|Any CPU
		{F05DD16F-2FCC-40A7-ADC0-70694DB47BBF}.Debug|iPhoneSimulator.Build.0 = Debug|Any CPU
		{F05DD16F-2FCC-40A7-ADC0-70694DB47BBF}.Debug|iPhoneSimulator.Deploy.0 = Debug|Any CPU
		{F05DD16F-2FCC-40A7-ADC0-70694DB47BBF}.Release|Any CPU.ActiveCfg = Release|Any CPU
		{F05DD16F-2FCC-40A7-ADC0-70694DB47BBF}.Release|Any CPU.Build.0 = Release|Any CPU
		{F05DD16F-2FCC-40A7-ADC0-70694DB47BBF}.Release|Any CPU.Deploy.0 = Release|Any CPU
		{F05DD16F-2FCC-40A7-ADC0-70694DB47BBF}.Release|iPhone.ActiveCfg = Release|Any CPU
		{F05DD16F-2FCC-40A7-ADC0-70694DB47BBF}.Release|iPhone.Build.0 = Release|Any CPU
		{F05DD16F-2FCC-40A7-ADC0-70694DB47BBF}.Release|iPhone.Deploy.0 = Release|Any CPU
		{F05DD16F-2FCC-40A7-ADC0-70694DB47BBF}.Release|iPhoneSimulator.ActiveCfg = Release|Any CPU
		{F05DD16F-2FCC-40A7-ADC0-70694DB47BBF}.Release|iPhoneSimulator.Build.0 = Release|Any CPU
		{F05DD16F-2FCC-40A7-ADC0-70694DB47BBF}.Release|iPhoneSimulator.Deploy.0 = Release|Any CPU
	EndGlobalSection
	GlobalSection(SolutionProperties) = preSolution
		HideSolutionNode = FALSE
	EndGlobalSection
	GlobalSection(ExtensibilityGlobals) = postSolution
		SolutionGuid = {405D1924-611E-4008-8125-580114F8796C}
	EndGlobalSection
EndGlobal
