
Microsoft Visual Studio Solution File, Format Version 12.00
# Visual Studio 15
VisualStudioVersion = 15.0.28010.2050
MinimumVisualStudioVersion = 10.0.40219.1
Project("{FAE04EC0-301F-11D3-BF4B-00C04F79EFBC}") = "BackBinding.Android", "BackBinding\BackBinding.Android\BackBinding.Android.csproj", "{3471CA43-9023-44C5-9A7D-D004ED9BE4FB}"
EndProject
Project("{FAE04EC0-301F-11D3-BF4B-00C04F79EFBC}") = "BackBinding.iOS", "BackBinding\BackBinding.iOS\BackBinding.iOS.csproj", "{46051399-F876-4629-A829-5831023E9972}"
EndProject
Project("{FAE04EC0-301F-11D3-BF4B-00C04F79EFBC}") = "BackBinding", "BackBinding\BackBinding\BackBinding.csproj", "{AE7797A3-1F0B-4E82-909C-1CC62EACC4A2}"
EndProject
Global
	GlobalSection(SolutionConfigurationPlatforms) = preSolution
		Ad-Hoc|Any CPU = Ad-Hoc|Any CPU
		Ad-Hoc|iPhone = Ad-Hoc|iPhone
		Ad-Hoc|iPhoneSimulator = Ad-Hoc|iPhoneSimulator
		AppStore|Any CPU = AppStore|Any CPU
		AppStore|iPhone = AppStore|iPhone
		AppStore|iPhoneSimulator = AppStore|iPhoneSimulator
		Debug|Any CPU = Debug|Any CPU
		Debug|iPhone = Debug|iPhone
		Debug|iPhoneSimulator = Debug|iPhoneSimulator
		Release|Any CPU = Release|Any CPU
		Release|iPhone = Release|iPhone
		Release|iPhoneSimulator = Release|iPhoneSimulator
	EndGlobalSection
	GlobalSection(ProjectConfigurationPlatforms) = postSolution
		{3471CA43-9023-44C5-9A7D-D004ED9BE4FB}.Ad-Hoc|Any CPU.ActiveCfg = Release|Any CPU
		{3471CA43-9023-44C5-9A7D-D004ED9BE4FB}.Ad-Hoc|Any CPU.Build.0 = Release|Any CPU
		{3471CA43-9023-44C5-9A7D-D004ED9BE4FB}.Ad-Hoc|Any CPU.Deploy.0 = Release|Any CPU
		{3471CA43-9023-44C5-9A7D-D004ED9BE4FB}.Ad-Hoc|iPhone.ActiveCfg = Release|Any CPU
		{3471CA43-9023-44C5-9A7D-D004ED9BE4FB}.Ad-Hoc|iPhone.Build.0 = Release|Any CPU
		{3471CA43-9023-44C5-9A7D-D004ED9BE4FB}.Ad-Hoc|iPhone.Deploy.0 = Release|Any CPU
		{3471CA43-9023-44C5-9A7D-D004ED9BE4FB}.Ad-Hoc|iPhoneSimulator.ActiveCfg = Release|Any CPU
		{3471CA43-9023-44C5-9A7D-D004ED9BE4FB}.Ad-Hoc|iPhoneSimulator.Build.0 = Release|Any CPU
		{3471CA43-9023-44C5-9A7D-D004ED9BE4FB}.Ad-Hoc|iPhoneSimulator.Deploy.0 = Release|Any CPU
		{3471CA43-9023-44C5-9A7D-D004ED9BE4FB}.AppStore|Any CPU.ActiveCfg = Release|Any CPU
		{3471CA43-9023-44C5-9A7D-D004ED9BE4FB}.AppStore|Any CPU.Build.0 = Release|Any CPU
		{3471CA43-9023-44C5-9A7D-D004ED9BE4FB}.AppStore|Any CPU.Deploy.0 = Release|Any CPU
		{3471CA43-9023-44C5-9A7D-D004ED9BE4FB}.AppStore|iPhone.ActiveCfg = Release|Any CPU
		{3471CA43-9023-44C5-9A7D-D004ED9BE4FB}.AppStore|iPhone.Build.0 = Release|Any CPU
		{3471CA43-9023-44C5-9A7D-D004ED9BE4FB}.AppStore|iPhone.Deploy.0 = Release|Any CPU
		{3471CA43-9023-44C5-9A7D-D004ED9BE4FB}.AppStore|iPhoneSimulator.ActiveCfg = Release|Any CPU
		{3471CA43-9023-44C5-9A7D-D004ED9BE4FB}.AppStore|iPhoneSimulator.Build.0 = Release|Any CPU
		{3471CA43-9023-44C5-9A7D-D004ED9BE4FB}.AppStore|iPhoneSimulator.Deploy.0 = Release|Any CPU
		{3471CA43-9023-44C5-9A7D-D004ED9BE4FB}.Debug|Any CPU.ActiveCfg = Debug|Any CPU
		{3471CA43-9023-44C5-9A7D-D004ED9BE4FB}.Debug|Any CPU.Build.0 = Debug|Any CPU
		{3471CA43-9023-44C5-9A7D-D004ED9BE4FB}.Debug|Any CPU.Deploy.0 = Debug|Any CPU
		{3471CA43-9023-44C5-9A7D-D004ED9BE4FB}.Debug|iPhone.ActiveCfg = Debug|Any CPU
		{3471CA43-9023-44C5-9A7D-D004ED9BE4FB}.Debug|iPhone.Build.0 = Debug|Any CPU
		{3471CA43-9023-44C5-9A7D-D004ED9BE4FB}.Debug|iPhone.Deploy.0 = Debug|Any CPU
		{3471CA43-9023-44C5-9A7D-D004ED9BE4FB}.Debug|iPhoneSimulator.ActiveCfg = Debug|Any CPU
		{3471CA43-9023-44C5-9A7D-D004ED9BE4FB}.Debug|iPhoneSimulator.Build.0 = Debug|Any CPU
		{3471CA43-9023-44C5-9A7D-D004ED9BE4FB}.Debug|iPhoneSimulator.Deploy.0 = Debug|Any CPU
		{3471CA43-9023-44C5-9A7D-D004ED9BE4FB}.Release|Any CPU.ActiveCfg = Release|Any CPU
		{3471CA43-9023-44C5-9A7D-D004ED9BE4FB}.Release|Any CPU.Build.0 = Release|Any CPU
		{3471CA43-9023-44C5-9A7D-D004ED9BE4FB}.Release|Any CPU.Deploy.0 = Release|Any CPU
		{3471CA43-9023-44C5-9A7D-D004ED9BE4FB}.Release|iPhone.ActiveCfg = Release|Any CPU
		{3471CA43-9023-44C5-9A7D-D004ED9BE4FB}.Release|iPhone.Build.0 = Release|Any CPU
		{3471CA43-9023-44C5-9A7D-D004ED9BE4FB}.Release|iPhone.Deploy.0 = Release|Any CPU
		{3471CA43-9023-44C5-9A7D-D004ED9BE4FB}.Release|iPhoneSimulator.ActiveCfg = Release|Any CPU
		{3471CA43-9023-44C5-9A7D-D004ED9BE4FB}.Release|iPhoneSimulator.Build.0 = Release|Any CPU
		{3471CA43-9023-44C5-9A7D-D004ED9BE4FB}.Release|iPhoneSimulator.Deploy.0 = Release|Any CPU
		{46051399-F876-4629-A829-5831023E9972}.Ad-Hoc|Any CPU.ActiveCfg = Ad-Hoc|iPhone
		{46051399-F876-4629-A829-5831023E9972}.Ad-Hoc|Any CPU.Build.0 = Ad-Hoc|iPhone
		{46051399-F876-4629-A829-5831023E9972}.Ad-Hoc|Any CPU.Deploy.0 = Ad-Hoc|iPhone
		{46051399-F876-4629-A829-5831023E9972}.Ad-Hoc|iPhone.ActiveCfg = Ad-Hoc|iPhone
		{46051399-F876-4629-A829-5831023E9972}.Ad-Hoc|iPhone.Build.0 = Ad-Hoc|iPhone
		{46051399-F876-4629-A829-5831023E9972}.Ad-Hoc|iPhone.Deploy.0 = Ad-Hoc|iPhone
		{46051399-F876-4629-A829-5831023E9972}.Ad-Hoc|iPhoneSimulator.ActiveCfg = Ad-Hoc|iPhoneSimulator
		{46051399-F876-4629-A829-5831023E9972}.Ad-Hoc|iPhoneSimulator.Build.0 = Ad-Hoc|iPhoneSimulator
		{46051399-F876-4629-A829-5831023E9972}.Ad-Hoc|iPhoneSimulator.Deploy.0 = Ad-Hoc|iPhoneSimulator
		{46051399-F876-4629-A829-5831023E9972}.AppStore|Any CPU.ActiveCfg = AppStore|iPhone
		{46051399-F876-4629-A829-5831023E9972}.AppStore|Any CPU.Build.0 = AppStore|iPhone
		{46051399-F876-4629-A829-5831023E9972}.AppStore|Any CPU.Deploy.0 = AppStore|iPhone
		{46051399-F876-4629-A829-5831023E9972}.AppStore|iPhone.ActiveCfg = AppStore|iPhone
		{46051399-F876-4629-A829-5831023E9972}.AppStore|iPhone.Build.0 = AppStore|iPhone
		{46051399-F876-4629-A829-5831023E9972}.AppStore|iPhone.Deploy.0 = AppStore|iPhone
		{46051399-F876-4629-A829-5831023E9972}.AppStore|iPhoneSimulator.ActiveCfg = AppStore|iPhoneSimulator
		{46051399-F876-4629-A829-5831023E9972}.AppStore|iPhoneSimulator.Build.0 = AppStore|iPhoneSimulator
		{46051399-F876-4629-A829-5831023E9972}.AppStore|iPhoneSimulator.Deploy.0 = AppStore|iPhoneSimulator
		{46051399-F876-4629-A829-5831023E9972}.Debug|Any CPU.ActiveCfg = Debug|iPhoneSimulator
		{46051399-F876-4629-A829-5831023E9972}.Debug|Any CPU.Build.0 = Debug|iPhoneSimulator
		{46051399-F876-4629-A829-5831023E9972}.Debug|Any CPU.Deploy.0 = Debug|iPhoneSimulator
		{46051399-F876-4629-A829-5831023E9972}.Debug|iPhone.ActiveCfg = Debug|iPhone
		{46051399-F876-4629-A829-5831023E9972}.Debug|iPhone.Build.0 = Debug|iPhone
		{46051399-F876-4629-A829-5831023E9972}.Debug|iPhone.Deploy.0 = Debug|iPhone
		{46051399-F876-4629-A829-5831023E9972}.Debug|iPhoneSimulator.ActiveCfg = Debug|iPhoneSimulator
		{46051399-F876-4629-A829-5831023E9972}.Debug|iPhoneSimulator.Build.0 = Debug|iPhoneSimulator
		{46051399-F876-4629-A829-5831023E9972}.Debug|iPhoneSimulator.Deploy.0 = Debug|iPhoneSimulator
		{46051399-F876-4629-A829-5831023E9972}.Release|Any CPU.ActiveCfg = Release|iPhone
		{46051399-F876-4629-A829-5831023E9972}.Release|Any CPU.Build.0 = Release|iPhone
		{46051399-F876-4629-A829-5831023E9972}.Release|Any CPU.Deploy.0 = Release|iPhone
		{46051399-F876-4629-A829-5831023E9972}.Release|iPhone.ActiveCfg = Release|iPhone
		{46051399-F876-4629-A829-5831023E9972}.Release|iPhone.Build.0 = Release|iPhone
		{46051399-F876-4629-A829-5831023E9972}.Release|iPhone.Deploy.0 = Release|iPhone
		{46051399-F876-4629-A829-5831023E9972}.Release|iPhoneSimulator.ActiveCfg = Release|iPhoneSimulator
		{46051399-F876-4629-A829-5831023E9972}.Release|iPhoneSimulator.Build.0 = Release|iPhoneSimulator
		{46051399-F876-4629-A829-5831023E9972}.Release|iPhoneSimulator.Deploy.0 = Release|iPhoneSimulator
		{AE7797A3-1F0B-4E82-909C-1CC62EACC4A2}.Ad-Hoc|Any CPU.ActiveCfg = Debug|Any CPU
		{AE7797A3-1F0B-4E82-909C-1CC62EACC4A2}.Ad-Hoc|Any CPU.Build.0 = Debug|Any CPU
		{AE7797A3-1F0B-4E82-909C-1CC62EACC4A2}.Ad-Hoc|Any CPU.Deploy.0 = Debug|Any CPU
		{AE7797A3-1F0B-4E82-909C-1CC62EACC4A2}.Ad-Hoc|iPhone.ActiveCfg = Debug|Any CPU
		{AE7797A3-1F0B-4E82-909C-1CC62EACC4A2}.Ad-Hoc|iPhone.Build.0 = Debug|Any CPU
		{AE7797A3-1F0B-4E82-909C-1CC62EACC4A2}.Ad-Hoc|iPhone.Deploy.0 = Debug|Any CPU
		{AE7797A3-1F0B-4E82-909C-1CC62EACC4A2}.Ad-Hoc|iPhoneSimulator.ActiveCfg = Debug|Any CPU
		{AE7797A3-1F0B-4E82-909C-1CC62EACC4A2}.Ad-Hoc|iPhoneSimulator.Build.0 = Debug|Any CPU
		{AE7797A3-1F0B-4E82-909C-1CC62EACC4A2}.Ad-Hoc|iPhoneSimulator.Deploy.0 = Debug|Any CPU
		{AE7797A3-1F0B-4E82-909C-1CC62EACC4A2}.AppStore|Any CPU.ActiveCfg = Debug|Any CPU
		{AE7797A3-1F0B-4E82-909C-1CC62EACC4A2}.AppStore|Any CPU.Build.0 = Debug|Any CPU
		{AE7797A3-1F0B-4E82-909C-1CC62EACC4A2}.AppStore|Any CPU.Deploy.0 = Debug|Any CPU
		{AE7797A3-1F0B-4E82-909C-1CC62EACC4A2}.AppStore|iPhone.ActiveCfg = Debug|Any CPU
		{AE7797A3-1F0B-4E82-909C-1CC62EACC4A2}.AppStore|iPhone.Build.0 = Debug|Any CPU
		{AE7797A3-1F0B-4E82-909C-1CC62EACC4A2}.AppStore|iPhone.Deploy.0 = Debug|Any CPU
		{AE7797A3-1F0B-4E82-909C-1CC62EACC4A2}.AppStore|iPhoneSimulator.ActiveCfg = Debug|Any CPU
		{AE7797A3-1F0B-4E82-909C-1CC62EACC4A2}.AppStore|iPhoneSimulator.Build.0 = Debug|Any CPU
		{AE7797A3-1F0B-4E82-909C-1CC62EACC4A2}.AppStore|iPhoneSimulator.Deploy.0 = Debug|Any CPU
		{AE7797A3-1F0B-4E82-909C-1CC62EACC4A2}.Debug|Any CPU.ActiveCfg = Debug|Any CPU
		{AE7797A3-1F0B-4E82-909C-1CC62EACC4A2}.Debug|Any CPU.Build.0 = Debug|Any CPU
		{AE7797A3-1F0B-4E82-909C-1CC62EACC4A2}.Debug|Any CPU.Deploy.0 = Debug|Any CPU
		{AE7797A3-1F0B-4E82-909C-1CC62EACC4A2}.Debug|iPhone.ActiveCfg = Debug|Any CPU
		{AE7797A3-1F0B-4E82-909C-1CC62EACC4A2}.Debug|iPhone.Build.0 = Debug|Any CPU
		{AE7797A3-1F0B-4E82-909C-1CC62EACC4A2}.Debug|iPhone.Deploy.0 = Debug|Any CPU
		{AE7797A3-1F0B-4E82-909C-1CC62EACC4A2}.Debug|iPhoneSimulator.ActiveCfg = Debug|Any CPU
		{AE7797A3-1F0B-4E82-909C-1CC62EACC4A2}.Debug|iPhoneSimulator.Build.0 = Debug|Any CPU
		{AE7797A3-1F0B-4E82-909C-1CC62EACC4A2}.Debug|iPhoneSimulator.Deploy.0 = Debug|Any CPU
		{AE7797A3-1F0B-4E82-909C-1CC62EACC4A2}.Release|Any CPU.ActiveCfg = Release|Any CPU
		{AE7797A3-1F0B-4E82-909C-1CC62EACC4A2}.Release|Any CPU.Build.0 = Release|Any CPU
		{AE7797A3-1F0B-4E82-909C-1CC62EACC4A2}.Release|Any CPU.Deploy.0 = Release|Any CPU
		{AE7797A3-1F0B-4E82-909C-1CC62EACC4A2}.Release|iPhone.ActiveCfg = Release|Any CPU
		{AE7797A3-1F0B-4E82-909C-1CC62EACC4A2}.Release|iPhone.Build.0 = Release|Any CPU
		{AE7797A3-1F0B-4E82-909C-1CC62EACC4A2}.Release|iPhone.Deploy.0 = Release|Any CPU
		{AE7797A3-1F0B-4E82-909C-1CC62EACC4A2}.Release|iPhoneSimulator.ActiveCfg = Release|Any CPU
		{AE7797A3-1F0B-4E82-909C-1CC62EACC4A2}.Release|iPhoneSimulator.Build.0 = Release|Any CPU
		{AE7797A3-1F0B-4E82-909C-1CC62EACC4A2}.Release|iPhoneSimulator.Deploy.0 = Release|Any CPU
	EndGlobalSection
	GlobalSection(SolutionProperties) = preSolution
		HideSolutionNode = FALSE
	EndGlobalSection
	GlobalSection(ExtensibilityGlobals) = postSolution
		SolutionGuid = {BE8F9E5D-22AA-44B8-8783-7AD92478FA4C}
	EndGlobalSection
EndGlobal
